# This file was autogenerated by Stack.
# You should not edit this file by hand.
# For more information, please see the documentation at:
#   https://docs.haskellstack.org/en/stable/lock_files

packages:
- completed:
    commit: 08d89aa0066d2029f3150a32d90f3a4833089d46
    git: https://github.com/smcgivern/liblastfm.git
    name: liblastfm
    pantry-tree:
      sha256: db4c8f94b2fffbff75b5b4eb3e97356f6540f7c66f145f742e6cc135167f9913
      size: 4844
    version: 0.7.0
  original:
    commit: 08d89aa0066d2029f3150a32d90f3a4833089d46
    git: https://github.com/smcgivern/liblastfm.git
- completed:
    hackage: lens-5.2.1@sha256:2a0f9e723033bbcb001dbd3364e0d98c3863bf9fb2f13d6a1743518775f3c450,15126
    pantry-tree:
      sha256: 71bc16fd70d17f0b11b3274626daf7ba7a1d38e8691959d7b393fa01e9b30278
      size: 8214
  original:
    hackage: lens-5.2.1
snapshots:
- completed:
    sha256: 1b1cb989b5728e6aee80592e84a3799d4b8c0fe1ea1f29dedfaf4cdd9c0f51c0
    size: 649572
    url: https://raw.githubusercontent.com/commercialhaskell/stackage-snapshots/master/lts/20/14.yaml
  original: lts-20.14
